
Microsoft Visual Studio Solution File, Format Version 12.00
# Visual Studio Version 17
VisualStudioVersion = 17.14.36623.8
MinimumVisualStudioVersion = 10.0.40219.1
Project("{2150E333-8FDC-42A3-9474-1A3956D46DE8}") = "Chapter00", "Chapter00", "{DDB4EF12-CC4E-5E88-E6FC-71A802F4DE97}"
EndProject
Project("{FAE04EC0-301F-11D3-BF4B-00C04F79EFBC}") = "sample0416", "Chapter00\sample0416\sample0416.csproj", "{8B4372D3-D9F1-4D4A-9208-2A9A9ECB7F39}"
EndProject
Project("{FAE04EC0-301F-11D3-BF4B-00C04F79EFBC}") = "Sample0415", "Chapter00\Sample0415\Sample0415\Sample0415.csproj", "{D0F00D84-AD20-C5D6-67FE-85D6CB59A7CE}"
EndProject
Project("{FAE04EC0-301F-11D3-BF4B-00C04F79EFBC}") = "Sample0413", "Chapter00\Sample0413\Sample0413\Sample0413.csproj", "{EB11C1AF-3BBE-9D8B-B13B-CEF382F22312}"
EndProject
Project("{2150E333-8FDC-42A3-9474-1A3956D46DE8}") = "Chapter01", "Chapter01", "{FA310E24-C19B-4946-A2F7-62DB9855A86E}"
EndProject
Project("{2150E333-8FDC-42A3-9474-1A3956D46DE8}") = "Chapter02", "Chapter02", "{C7BDAB74-C19D-43D4-BC79-A7CACACCC1BF}"
EndProject
Project("{2150E333-8FDC-42A3-9474-1A3956D46DE8}") = "距離換算プログラム", "距離換算プログラム", "{7106B6B0-37B6-4875-AD08-2A849997A504}"
EndProject
Project("{FAE04EC0-301F-11D3-BF4B-00C04F79EFBC}") = "DistanceConverter", "Chapter02\距離換算プログラム\DistanceConverter\DistanceConverter.csproj", "{18A002CE-300E-4A7E-9599-578742E17199}"
EndProject
Project("{2150E333-8FDC-42A3-9474-1A3956D46DE8}") = "Chapter04", "Chapter04", "{E3E53CB0-9478-48BC-ABD4-8EB4AE54F84C}"
EndProject
Project("{2150E333-8FDC-42A3-9474-1A3956D46DE8}") = "P108_文字列を数値に変換する", "P108_文字列を数値に変換する", "{43E2F810-FF37-4988-BBC5-CEED286062F8}"
EndProject
Project("{FAE04EC0-301F-11D3-BF4B-00C04F79EFBC}") = "Code4_36", "Chapter04\P108_文字列を数値に変換する\Code4_36\Code4_36.csproj", "{21506200-C554-469F-AF5A-7246A13665AD}"
EndProject
Project("{2150E333-8FDC-42A3-9474-1A3956D46DE8}") = "売上集計プログラム", "売上集計プログラム", "{8D607D5F-7D63-4BD4-A450-3CEF9AEA6D8D}"
EndProject
Project("{FAE04EC0-301F-11D3-BF4B-00C04F79EFBC}") = "SalesCalculator", "Chapter02\売り上げ集計プログラム\SalesCalculator\SalesCalculator.csproj", "{B6AD3305-DE5C-4CCF-982A-9A4F17E2C292}"
EndProject
Global
	GlobalSection(SolutionConfigurationPlatforms) = preSolution
		Debug|Any CPU = Debug|Any CPU
		Release|Any CPU = Release|Any CPU
	EndGlobalSection
	GlobalSection(ProjectConfigurationPlatforms) = postSolution
		{8B4372D3-D9F1-4D4A-9208-2A9A9ECB7F39}.Debug|Any CPU.ActiveCfg = Debug|Any CPU
		{8B4372D3-D9F1-4D4A-9208-2A9A9ECB7F39}.Debug|Any CPU.Build.0 = Debug|Any CPU
		{8B4372D3-D9F1-4D4A-9208-2A9A9ECB7F39}.Release|Any CPU.ActiveCfg = Release|Any CPU
		{8B4372D3-D9F1-4D4A-9208-2A9A9ECB7F39}.Release|Any CPU.Build.0 = Release|Any CPU
		{D0F00D84-AD20-C5D6-67FE-85D6CB59A7CE}.Debug|Any CPU.ActiveCfg = Debug|Any CPU
		{D0F00D84-AD20-C5D6-67FE-85D6CB59A7CE}.Debug|Any CPU.Build.0 = Debug|Any CPU
		{D0F00D84-AD20-C5D6-67FE-85D6CB59A7CE}.Release|Any CPU.ActiveCfg = Release|Any CPU
		{D0F00D84-AD20-C5D6-67FE-85D6CB59A7CE}.Release|Any CPU.Build.0 = Release|Any CPU
		{EB11C1AF-3BBE-9D8B-B13B-CEF382F22312}.Debug|Any CPU.ActiveCfg = Debug|Any CPU
		{EB11C1AF-3BBE-9D8B-B13B-CEF382F22312}.Debug|Any CPU.Build.0 = Debug|Any CPU
		{EB11C1AF-3BBE-9D8B-B13B-CEF382F22312}.Release|Any CPU.ActiveCfg = Release|Any CPU
		{EB11C1AF-3BBE-9D8B-B13B-CEF382F22312}.Release|Any CPU.Build.0 = Release|Any CPU
		{18A002CE-300E-4A7E-9599-578742E17199}.Debug|Any CPU.ActiveCfg = Debug|Any CPU
		{18A002CE-300E-4A7E-9599-578742E17199}.Debug|Any CPU.Build.0 = Debug|Any CPU
		{18A002CE-300E-4A7E-9599-578742E17199}.Release|Any CPU.ActiveCfg = Release|Any CPU
		{18A002CE-300E-4A7E-9599-578742E17199}.Release|Any CPU.Build.0 = Release|Any CPU
		{21506200-C554-469F-AF5A-7246A13665AD}.Debug|Any CPU.ActiveCfg = Debug|Any CPU
		{21506200-C554-469F-AF5A-7246A13665AD}.Debug|Any CPU.Build.0 = Debug|Any CPU
		{21506200-C554-469F-AF5A-7246A13665AD}.Release|Any CPU.ActiveCfg = Release|Any CPU
		{21506200-C554-469F-AF5A-7246A13665AD}.Release|Any CPU.Build.0 = Release|Any CPU
		{B6AD3305-DE5C-4CCF-982A-9A4F17E2C292}.Debug|Any CPU.ActiveCfg = Debug|Any CPU
		{B6AD3305-DE5C-4CCF-982A-9A4F17E2C292}.Debug|Any CPU.Build.0 = Debug|Any CPU
		{B6AD3305-DE5C-4CCF-982A-9A4F17E2C292}.Release|Any CPU.ActiveCfg = Release|Any CPU
		{B6AD3305-DE5C-4CCF-982A-9A4F17E2C292}.Release|Any CPU.Build.0 = Release|Any CPU
	EndGlobalSection
	GlobalSection(SolutionProperties) = preSolution
		HideSolutionNode = FALSE
	EndGlobalSection
	GlobalSection(NestedProjects) = preSolution
		{8B4372D3-D9F1-4D4A-9208-2A9A9ECB7F39} = {DDB4EF12-CC4E-5E88-E6FC-71A802F4DE97}
		{D0F00D84-AD20-C5D6-67FE-85D6CB59A7CE} = {DDB4EF12-CC4E-5E88-E6FC-71A802F4DE97}
		{EB11C1AF-3BBE-9D8B-B13B-CEF382F22312} = {DDB4EF12-CC4E-5E88-E6FC-71A802F4DE97}
		{7106B6B0-37B6-4875-AD08-2A849997A504} = {C7BDAB74-C19D-43D4-BC79-A7CACACCC1BF}
		{18A002CE-300E-4A7E-9599-578742E17199} = {7106B6B0-37B6-4875-AD08-2A849997A504}
		{43E2F810-FF37-4988-BBC5-CEED286062F8} = {E3E53CB0-9478-48BC-ABD4-8EB4AE54F84C}
		{21506200-C554-469F-AF5A-7246A13665AD} = {43E2F810-FF37-4988-BBC5-CEED286062F8}
		{8D607D5F-7D63-4BD4-A450-3CEF9AEA6D8D} = {C7BDAB74-C19D-43D4-BC79-A7CACACCC1BF}
		{B6AD3305-DE5C-4CCF-982A-9A4F17E2C292} = {8D607D5F-7D63-4BD4-A450-3CEF9AEA6D8D}
	EndGlobalSection
	GlobalSection(ExtensibilityGlobals) = postSolution
		SolutionGuid = {5B45C55F-7765-4AE7-BAAC-DE871C726F88}
	EndGlobalSection
EndGlobal
