
Microsoft Visual Studio Solution File, Format Version 12.00
# Visual Studio Version 17
VisualStudioVersion = 17.14.36623.8
MinimumVisualStudioVersion = 10.0.40219.1
Project("{2150E333-8FDC-42A3-9474-1A3956D46DE8}") = "Chapter00", "Chapter00", "{DDB4EF12-CC4E-5E88-E6FC-71A802F4DE97}"
EndProject
Project("{FAE04EC0-301F-11D3-BF4B-00C04F79EFBC}") = "sample0416", "Chapter00\sample0416\sample0416.csproj", "{8B4372D3-D9F1-4D4A-9208-2A9A9ECB7F39}"
EndProject
Project("{FAE04EC0-301F-11D3-BF4B-00C04F79EFBC}") = "Sample0415", "Chapter00\Sample0415\Sample0415\Sample0415.csproj", "{D0F00D84-AD20-C5D6-67FE-85D6CB59A7CE}"
EndProject
Project("{FAE04EC0-301F-11D3-BF4B-00C04F79EFBC}") = "Sample0413", "Chapter00\Sample0413\Sample0413\Sample0413.csproj", "{EB11C1AF-3BBE-9D8B-B13B-CEF382F22312}"
EndProject
Project("{2150E333-8FDC-42A3-9474-1A3956D46DE8}") = "Chapter01", "Chapter01", "{FA310E24-C19B-4946-A2F7-62DB9855A86E}"
EndProject
Project("{2150E333-8FDC-42A3-9474-1A3956D46DE8}") = "Chapter02", "Chapter02", "{C7BDAB74-C19D-43D4-BC79-A7CACACCC1BF}"
EndProject
Project("{2150E333-8FDC-42A3-9474-1A3956D46DE8}") = "距離換算プログラム", "距離換算プログラム", "{7106B6B0-37B6-4875-AD08-2A849997A504}"
EndProject
Project("{FAE04EC0-301F-11D3-BF4B-00C04F79EFBC}") = "DistanceConverter", "Chapter02\距離換算プログラム\DistanceConverter\DistanceConverter.csproj", "{18A002CE-300E-4A7E-9599-578742E17199}"
EndProject
Project("{2150E333-8FDC-42A3-9474-1A3956D46DE8}") = "Chapter04", "Chapter04", "{E3E53CB0-9478-48BC-ABD4-8EB4AE54F84C}"
EndProject
Project("{2150E333-8FDC-42A3-9474-1A3956D46DE8}") = "P108_文字列を数値に変換する", "P108_文字列を数値に変換する", "{43E2F810-FF37-4988-BBC5-CEED286062F8}"
EndProject
Project("{FAE04EC0-301F-11D3-BF4B-00C04F79EFBC}") = "Code4_36", "Chapter04\P108_文字列を数値に変換する\Code4_36\Code4_36.csproj", "{21506200-C554-469F-AF5A-7246A13665AD}"
EndProject
Project("{2150E333-8FDC-42A3-9474-1A3956D46DE8}") = "売上集計プログラム", "売上集計プログラム", "{8D607D5F-7D63-4BD4-A450-3CEF9AEA6D8D}"
EndProject
Project("{FAE04EC0-301F-11D3-BF4B-00C04F79EFBC}") = "SalesCalculator", "Chapter02\売り上げ集計プログラム\SalesCalculator\SalesCalculator.csproj", "{B6AD3305-DE5C-4CCF-982A-9A4F17E2C292}"
EndProject
Project("{2150E333-8FDC-42A3-9474-1A3956D46DE8}") = "演習問題", "演習問題", "{610EC512-C56B-4DBF-9DF2-38C72C97D4B9}"
EndProject
Project("{FAE04EC0-301F-11D3-BF4B-00C04F79EFBC}") = "Exercise01", "Chapter02\演習問題\Exercise01\Exercise01.csproj", "{62344848-F78D-4FB2-B042-7BC0AF17DE1D}"
EndProject
Project("{FAE04EC0-301F-11D3-BF4B-00C04F79EFBC}") = "Exercise02", "Chapter02\演習問題\Exercise02\Exercise02.csproj", "{781600D8-3FE6-45A1-9954-DE51110D55A4}"
EndProject
Project("{2150E333-8FDC-42A3-9474-1A3956D46DE8}") = "Chapter03", "Chapter03", "{BF39D7A9-C740-4878-8801-AC254D4B67E3}"
EndProject
Project("{2150E333-8FDC-42A3-9474-1A3956D46DE8}") = "ラムダ式とLINQ", "ラムダ式とLINQ", "{544FA915-6022-4CA5-BD7B-B742903595FD}"
EndProject
Project("{FAE04EC0-301F-11D3-BF4B-00C04F79EFBC}") = "Section01", "Chapter03\ラムダ式とLINQ\Section01\Section01.csproj", "{C496E02B-0184-4901-9459-18DB84F73078}"
EndProject
Project("{FAE04EC0-301F-11D3-BF4B-00C04F79EFBC}") = "Section04", "Chapter03\ラムダ式とLINQ\Section04\Section04.csproj", "{A05514BD-7FB5-4B26-A2F7-7FAF7070475F}"
EndProject
Project("{2150E333-8FDC-42A3-9474-1A3956D46DE8}") = "演習問題", "演習問題", "{B14466DE-B709-42E1-BFBA-F109E17327C0}"
EndProject
Project("{FAE04EC0-301F-11D3-BF4B-00C04F79EFBC}") = "Execrcise01", "Chapter03\演習問題\Execrcise01\Execrcise01.csproj", "{82276F46-6B0D-444A-B51E-790D84A04558}"
EndProject
Project("{FAE04EC0-301F-11D3-BF4B-00C04F79EFBC}") = "Exercise02", "Chapter03\演習問題\Exercise02\Exercise02.csproj", "{5DB7176C-AD3B-4CB2-8476-67D7E3E0E996}"
EndProject
Project("{2150E333-8FDC-42A3-9474-1A3956D46DE8}") = "P098_nullに関するイディオム", "P098_nullに関するイディオム", "{80622871-3A67-43D5-905F-10C7EBD12BE1}"
EndProject
Project("{FAE04EC0-301F-11D3-BF4B-00C04F79EFBC}") = "Section04", "Chapter04\P098_nullに関するイディオム\Section04\Section04.csproj", "{9D24836D-EC28-4130-98B0-D963D85F11D6}"
EndProject
Project("{2150E333-8FDC-42A3-9474-1A3956D46DE8}") = "演習問題", "演習問題", "{35911F0D-A5AC-41DA-90AC-C261A9BFE447}"
EndProject
Project("{FAE04EC0-301F-11D3-BF4B-00C04F79EFBC}") = "Exercise01", "Chapter04\演習問題\Execrcise01\Exercise01.csproj", "{291CE8D0-2C01-4F1C-8C26-649B0FA7CD04}"
EndProject
Project("{FAE04EC0-301F-11D3-BF4B-00C04F79EFBC}") = "Exercise02", "Chapter04\演習問題\Exercise02\Exercise02\Exercise02.csproj", "{A6397A64-9AEA-C976-C282-F05046F2AA1C}"
EndProject
Project("{2150E333-8FDC-42A3-9474-1A3956D46DE8}") = "Chapter05", "Chapter05", "{86207189-C72C-4608-AF8F-1320ECF747D1}"
EndProject
Project("{2150E333-8FDC-42A3-9474-1A3956D46DE8}") = "プロパティに関するイディオム", "プロパティに関するイディオム", "{91189E93-62E9-43DE-BE58-1C42F0FE5244}"
EndProject
Project("{FAE04EC0-301F-11D3-BF4B-00C04F79EFBC}") = "Section01", "Chapter05\プロパティに関するイディオム\Section01\Section01.csproj", "{5A6ADA11-28F5-4A50-8F25-F4F8839E904F}"
EndProject
Project("{2150E333-8FDC-42A3-9474-1A3956D46DE8}") = "メソッドに関するイディオム", "メソッドに関するイディオム", "{2E5B7F43-81B8-4DBD-8AE2-0AF81EFBAA17}"
EndProject
Project("{FAE04EC0-301F-11D3-BF4B-00C04F79EFBC}") = "Section02", "Chapter05\メソッドに関するイディオム\Section02\Section02.csproj", "{B295EDB6-BA6E-41D5-A375-4BBC42500EF0}"
EndProject
Project("{2150E333-8FDC-42A3-9474-1A3956D46DE8}") = "演習問題", "演習問題", "{687EDD3B-59A7-48B7-9F1C-F56219E0B42E}"
EndProject
Project("{FAE04EC0-301F-11D3-BF4B-00C04F79EFBC}") = "Exercise01", "Chapter05\演習問題\Exercise01\Exercise01.csproj", "{6748D302-944A-4D81-A551-19143FD6A692}"
EndProject
Project("{FAE04EC0-301F-11D3-BF4B-00C04F79EFBC}") = "Exercise02", "Chapter05\演習問題\Exercise02\Exercise02.csproj", "{A3ACA33D-6226-7668-2993-2FC9EA8C783B}"
EndProject
Project("{FAE04EC0-301F-11D3-BF4B-00C04F79EFBC}") = "Exercise03", "Chapter05\演習問題\Exercise03\Exercise03.csproj", "{CA392023-423B-4078-BBB7-6226947A89FB}"
EndProject
Project("{2150E333-8FDC-42A3-9474-1A3956D46DE8}") = "Chapter06", "Chapter06", "{C2C0F1CC-13AD-4C85-8C5E-EEFED19EFF1D}"
EndProject
Project("{2150E333-8FDC-42A3-9474-1A3956D46DE8}") = "文字列の比較", "文字列の比較", "{8F57EBE1-F7EB-4E58-B5B2-92FA4F0A1307}"
EndProject
Project("{FAE04EC0-301F-11D3-BF4B-00C04F79EFBC}") = "Section01", "Chapter06\文字列の比較\Section01\Section01.csproj", "{26A9B266-71E6-461C-ABBD-C0F920CD699E}"
EndProject
Project("{2150E333-8FDC-42A3-9474-1A3956D46DE8}") = "演習問題", "演習問題", "{D7974037-F66C-46C6-BEF2-6F67537994B4}"
EndProject
Project("{FAE04EC0-301F-11D3-BF4B-00C04F79EFBC}") = "Exercise01", "Chapter06\演習問題\Exercise01\Exercise01.csproj", "{02D01F1C-736A-41AD-BA75-6AB46216187B}"
EndProject
Project("{FAE04EC0-301F-11D3-BF4B-00C04F79EFBC}") = "Exercise02", "Chapter06\演習問題\Exercise02\Exercise02.csproj", "{4AFE3788-C2AA-4B53-8D40-446051B5BD48}"
EndProject
Project("{FAE04EC0-301F-11D3-BF4B-00C04F79EFBC}") = "Exercise03", "Chapter06\演習問題\Exercise03\Exercise03.csproj", "{766DC129-B7E6-6BE5-67FF-02794A6C9D6A}"
EndProject
Project("{2150E333-8FDC-42A3-9474-1A3956D46DE8}") = "文字列の連結と分割", "文字列の連結と分割", "{BD17336D-C733-4C1B-9050-B80245C9CB97}"
EndProject
Project("{FAE04EC0-301F-11D3-BF4B-00C04F79EFBC}") = "Section05", "Chapter06\文字列の連結と分割\Section05\Section05.csproj", "{ADBFAC15-7D6E-97B6-AB46-3DEC52336634}"
EndProject
Project("{FAE04EC0-301F-11D3-BF4B-00C04F79EFBC}") = "Exercise04", "Chapter06\演習問題\Exercise04\Exercise04.csproj", "{8758FBDB-9295-0DA5-31B6-DA01667F06FB}"
EndProject
Project("{2150E333-8FDC-42A3-9474-1A3956D46DE8}") = "Chapter07", "Chapter07", "{D452545E-8284-4B42-80C3-2BF7B3B18D49}"
EndProject
Project("{2150E333-8FDC-42A3-9474-1A3956D46DE8}") = "演習問題", "演習問題", "{B13ED9E2-2A6A-4BBE-9ABC-63625DB478E4}"
EndProject
Project("{FAE04EC0-301F-11D3-BF4B-00C04F79EFBC}") = "Section01", "Chapter07\Section01\Section01.csproj", "{5BDEBCA4-58CC-421F-A630-CB63A60CFE0E}"
EndProject
Project("{FAE04EC0-301F-11D3-BF4B-00C04F79EFBC}") = "Exercise01", "Chapter07\演習問題\Exercise01\Exercise01.csproj", "{0AEB4386-29D2-486E-BBF6-019F29781502}"
EndProject
Project("{FAE04EC0-301F-11D3-BF4B-00C04F79EFBC}") = "Exercise02", "Chapter07\演習問題\Exercise02\Exercise02.csproj", "{09D01F2D-A9C1-7ADF-ACF0-6CE8655624B3}"
EndProject
Project("{2150E333-8FDC-42A3-9474-1A3956D46DE8}") = "TestProject", "TestProject", "{16D6A093-1338-481C-A549-DE4F424C439F}"
EndProject
Project("{FAE04EC0-301F-11D3-BF4B-00C04F79EFBC}") = "Test01_01", "TestProject\Test01_01\Test01_01.csproj", "{B8441293-5D7D-B752-6216-4C5005BF772D}"
EndProject
Project("{FAE04EC0-301F-11D3-BF4B-00C04F79EFBC}") = "Test01_02", "TestProject\Test01_02\Test01_02.csproj", "{D7F347E4-C87C-CC1A-89F8-6D28A7CCB4B3}"
EndProject
Global
	GlobalSection(SolutionConfigurationPlatforms) = preSolution
		Debug|Any CPU = Debug|Any CPU
		Release|Any CPU = Release|Any CPU
	EndGlobalSection
	GlobalSection(ProjectConfigurationPlatforms) = postSolution
		{8B4372D3-D9F1-4D4A-9208-2A9A9ECB7F39}.Debug|Any CPU.ActiveCfg = Debug|Any CPU
		{8B4372D3-D9F1-4D4A-9208-2A9A9ECB7F39}.Debug|Any CPU.Build.0 = Debug|Any CPU
		{8B4372D3-D9F1-4D4A-9208-2A9A9ECB7F39}.Release|Any CPU.ActiveCfg = Release|Any CPU
		{8B4372D3-D9F1-4D4A-9208-2A9A9ECB7F39}.Release|Any CPU.Build.0 = Release|Any CPU
		{D0F00D84-AD20-C5D6-67FE-85D6CB59A7CE}.Debug|Any CPU.ActiveCfg = Debug|Any CPU
		{D0F00D84-AD20-C5D6-67FE-85D6CB59A7CE}.Debug|Any CPU.Build.0 = Debug|Any CPU
		{D0F00D84-AD20-C5D6-67FE-85D6CB59A7CE}.Release|Any CPU.ActiveCfg = Release|Any CPU
		{D0F00D84-AD20-C5D6-67FE-85D6CB59A7CE}.Release|Any CPU.Build.0 = Release|Any CPU
		{EB11C1AF-3BBE-9D8B-B13B-CEF382F22312}.Debug|Any CPU.ActiveCfg = Debug|Any CPU
		{EB11C1AF-3BBE-9D8B-B13B-CEF382F22312}.Debug|Any CPU.Build.0 = Debug|Any CPU
		{EB11C1AF-3BBE-9D8B-B13B-CEF382F22312}.Release|Any CPU.ActiveCfg = Release|Any CPU
		{EB11C1AF-3BBE-9D8B-B13B-CEF382F22312}.Release|Any CPU.Build.0 = Release|Any CPU
		{18A002CE-300E-4A7E-9599-578742E17199}.Debug|Any CPU.ActiveCfg = Debug|Any CPU
		{18A002CE-300E-4A7E-9599-578742E17199}.Debug|Any CPU.Build.0 = Debug|Any CPU
		{18A002CE-300E-4A7E-9599-578742E17199}.Release|Any CPU.ActiveCfg = Release|Any CPU
		{18A002CE-300E-4A7E-9599-578742E17199}.Release|Any CPU.Build.0 = Release|Any CPU
		{21506200-C554-469F-AF5A-7246A13665AD}.Debug|Any CPU.ActiveCfg = Debug|Any CPU
		{21506200-C554-469F-AF5A-7246A13665AD}.Debug|Any CPU.Build.0 = Debug|Any CPU
		{21506200-C554-469F-AF5A-7246A13665AD}.Release|Any CPU.ActiveCfg = Release|Any CPU
		{21506200-C554-469F-AF5A-7246A13665AD}.Release|Any CPU.Build.0 = Release|Any CPU
		{B6AD3305-DE5C-4CCF-982A-9A4F17E2C292}.Debug|Any CPU.ActiveCfg = Debug|Any CPU
		{B6AD3305-DE5C-4CCF-982A-9A4F17E2C292}.Debug|Any CPU.Build.0 = Debug|Any CPU
		{B6AD3305-DE5C-4CCF-982A-9A4F17E2C292}.Release|Any CPU.ActiveCfg = Release|Any CPU
		{B6AD3305-DE5C-4CCF-982A-9A4F17E2C292}.Release|Any CPU.Build.0 = Release|Any CPU
		{62344848-F78D-4FB2-B042-7BC0AF17DE1D}.Debug|Any CPU.ActiveCfg = Debug|Any CPU
		{62344848-F78D-4FB2-B042-7BC0AF17DE1D}.Debug|Any CPU.Build.0 = Debug|Any CPU
		{62344848-F78D-4FB2-B042-7BC0AF17DE1D}.Release|Any CPU.ActiveCfg = Release|Any CPU
		{62344848-F78D-4FB2-B042-7BC0AF17DE1D}.Release|Any CPU.Build.0 = Release|Any CPU
		{781600D8-3FE6-45A1-9954-DE51110D55A4}.Debug|Any CPU.ActiveCfg = Debug|Any CPU
		{781600D8-3FE6-45A1-9954-DE51110D55A4}.Debug|Any CPU.Build.0 = Debug|Any CPU
		{781600D8-3FE6-45A1-9954-DE51110D55A4}.Release|Any CPU.ActiveCfg = Release|Any CPU
		{781600D8-3FE6-45A1-9954-DE51110D55A4}.Release|Any CPU.Build.0 = Release|Any CPU
		{C496E02B-0184-4901-9459-18DB84F73078}.Debug|Any CPU.ActiveCfg = Debug|Any CPU
		{C496E02B-0184-4901-9459-18DB84F73078}.Debug|Any CPU.Build.0 = Debug|Any CPU
		{C496E02B-0184-4901-9459-18DB84F73078}.Release|Any CPU.ActiveCfg = Release|Any CPU
		{C496E02B-0184-4901-9459-18DB84F73078}.Release|Any CPU.Build.0 = Release|Any CPU
		{A05514BD-7FB5-4B26-A2F7-7FAF7070475F}.Debug|Any CPU.ActiveCfg = Debug|Any CPU
		{A05514BD-7FB5-4B26-A2F7-7FAF7070475F}.Debug|Any CPU.Build.0 = Debug|Any CPU
		{A05514BD-7FB5-4B26-A2F7-7FAF7070475F}.Release|Any CPU.ActiveCfg = Release|Any CPU
		{A05514BD-7FB5-4B26-A2F7-7FAF7070475F}.Release|Any CPU.Build.0 = Release|Any CPU
		{82276F46-6B0D-444A-B51E-790D84A04558}.Debug|Any CPU.ActiveCfg = Debug|Any CPU
		{82276F46-6B0D-444A-B51E-790D84A04558}.Debug|Any CPU.Build.0 = Debug|Any CPU
		{82276F46-6B0D-444A-B51E-790D84A04558}.Release|Any CPU.ActiveCfg = Release|Any CPU
		{82276F46-6B0D-444A-B51E-790D84A04558}.Release|Any CPU.Build.0 = Release|Any CPU
		{5DB7176C-AD3B-4CB2-8476-67D7E3E0E996}.Debug|Any CPU.ActiveCfg = Debug|Any CPU
		{5DB7176C-AD3B-4CB2-8476-67D7E3E0E996}.Debug|Any CPU.Build.0 = Debug|Any CPU
		{5DB7176C-AD3B-4CB2-8476-67D7E3E0E996}.Release|Any CPU.ActiveCfg = Release|Any CPU
		{5DB7176C-AD3B-4CB2-8476-67D7E3E0E996}.Release|Any CPU.Build.0 = Release|Any CPU
		{9D24836D-EC28-4130-98B0-D963D85F11D6}.Debug|Any CPU.ActiveCfg = Debug|Any CPU
		{9D24836D-EC28-4130-98B0-D963D85F11D6}.Debug|Any CPU.Build.0 = Debug|Any CPU
		{9D24836D-EC28-4130-98B0-D963D85F11D6}.Release|Any CPU.ActiveCfg = Release|Any CPU
		{9D24836D-EC28-4130-98B0-D963D85F11D6}.Release|Any CPU.Build.0 = Release|Any CPU
		{291CE8D0-2C01-4F1C-8C26-649B0FA7CD04}.Debug|Any CPU.ActiveCfg = Debug|Any CPU
		{291CE8D0-2C01-4F1C-8C26-649B0FA7CD04}.Debug|Any CPU.Build.0 = Debug|Any CPU
		{291CE8D0-2C01-4F1C-8C26-649B0FA7CD04}.Release|Any CPU.ActiveCfg = Release|Any CPU
		{291CE8D0-2C01-4F1C-8C26-649B0FA7CD04}.Release|Any CPU.Build.0 = Release|Any CPU
		{A6397A64-9AEA-C976-C282-F05046F2AA1C}.Debug|Any CPU.ActiveCfg = Debug|Any CPU
		{A6397A64-9AEA-C976-C282-F05046F2AA1C}.Debug|Any CPU.Build.0 = Debug|Any CPU
		{A6397A64-9AEA-C976-C282-F05046F2AA1C}.Release|Any CPU.ActiveCfg = Release|Any CPU
		{A6397A64-9AEA-C976-C282-F05046F2AA1C}.Release|Any CPU.Build.0 = Release|Any CPU
		{5A6ADA11-28F5-4A50-8F25-F4F8839E904F}.Debug|Any CPU.ActiveCfg = Debug|Any CPU
		{5A6ADA11-28F5-4A50-8F25-F4F8839E904F}.Debug|Any CPU.Build.0 = Debug|Any CPU
		{5A6ADA11-28F5-4A50-8F25-F4F8839E904F}.Release|Any CPU.ActiveCfg = Release|Any CPU
		{5A6ADA11-28F5-4A50-8F25-F4F8839E904F}.Release|Any CPU.Build.0 = Release|Any CPU
		{B295EDB6-BA6E-41D5-A375-4BBC42500EF0}.Debug|Any CPU.ActiveCfg = Debug|Any CPU
		{B295EDB6-BA6E-41D5-A375-4BBC42500EF0}.Debug|Any CPU.Build.0 = Debug|Any CPU
		{B295EDB6-BA6E-41D5-A375-4BBC42500EF0}.Release|Any CPU.ActiveCfg = Release|Any CPU
		{B295EDB6-BA6E-41D5-A375-4BBC42500EF0}.Release|Any CPU.Build.0 = Release|Any CPU
		{6748D302-944A-4D81-A551-19143FD6A692}.Debug|Any CPU.ActiveCfg = Debug|Any CPU
		{6748D302-944A-4D81-A551-19143FD6A692}.Debug|Any CPU.Build.0 = Debug|Any CPU
		{6748D302-944A-4D81-A551-19143FD6A692}.Release|Any CPU.ActiveCfg = Release|Any CPU
		{6748D302-944A-4D81-A551-19143FD6A692}.Release|Any CPU.Build.0 = Release|Any CPU
		{A3ACA33D-6226-7668-2993-2FC9EA8C783B}.Debug|Any CPU.ActiveCfg = Debug|Any CPU
		{A3ACA33D-6226-7668-2993-2FC9EA8C783B}.Debug|Any CPU.Build.0 = Debug|Any CPU
		{A3ACA33D-6226-7668-2993-2FC9EA8C783B}.Release|Any CPU.ActiveCfg = Release|Any CPU
		{A3ACA33D-6226-7668-2993-2FC9EA8C783B}.Release|Any CPU.Build.0 = Release|Any CPU
		{CA392023-423B-4078-BBB7-6226947A89FB}.Debug|Any CPU.ActiveCfg = Debug|Any CPU
		{CA392023-423B-4078-BBB7-6226947A89FB}.Debug|Any CPU.Build.0 = Debug|Any CPU
		{CA392023-423B-4078-BBB7-6226947A89FB}.Release|Any CPU.ActiveCfg = Release|Any CPU
		{CA392023-423B-4078-BBB7-6226947A89FB}.Release|Any CPU.Build.0 = Release|Any CPU
		{26A9B266-71E6-461C-ABBD-C0F920CD699E}.Debug|Any CPU.ActiveCfg = Debug|Any CPU
		{26A9B266-71E6-461C-ABBD-C0F920CD699E}.Debug|Any CPU.Build.0 = Debug|Any CPU
		{26A9B266-71E6-461C-ABBD-C0F920CD699E}.Release|Any CPU.ActiveCfg = Release|Any CPU
		{26A9B266-71E6-461C-ABBD-C0F920CD699E}.Release|Any CPU.Build.0 = Release|Any CPU
		{02D01F1C-736A-41AD-BA75-6AB46216187B}.Debug|Any CPU.ActiveCfg = Debug|Any CPU
		{02D01F1C-736A-41AD-BA75-6AB46216187B}.Debug|Any CPU.Build.0 = Debug|Any CPU
		{02D01F1C-736A-41AD-BA75-6AB46216187B}.Release|Any CPU.ActiveCfg = Release|Any CPU
		{02D01F1C-736A-41AD-BA75-6AB46216187B}.Release|Any CPU.Build.0 = Release|Any CPU
		{4AFE3788-C2AA-4B53-8D40-446051B5BD48}.Debug|Any CPU.ActiveCfg = Debug|Any CPU
		{4AFE3788-C2AA-4B53-8D40-446051B5BD48}.Debug|Any CPU.Build.0 = Debug|Any CPU
		{4AFE3788-C2AA-4B53-8D40-446051B5BD48}.Release|Any CPU.ActiveCfg = Release|Any CPU
		{4AFE3788-C2AA-4B53-8D40-446051B5BD48}.Release|Any CPU.Build.0 = Release|Any CPU
		{766DC129-B7E6-6BE5-67FF-02794A6C9D6A}.Debug|Any CPU.ActiveCfg = Debug|Any CPU
		{766DC129-B7E6-6BE5-67FF-02794A6C9D6A}.Debug|Any CPU.Build.0 = Debug|Any CPU
		{766DC129-B7E6-6BE5-67FF-02794A6C9D6A}.Release|Any CPU.ActiveCfg = Release|Any CPU
		{766DC129-B7E6-6BE5-67FF-02794A6C9D6A}.Release|Any CPU.Build.0 = Release|Any CPU
		{ADBFAC15-7D6E-97B6-AB46-3DEC52336634}.Debug|Any CPU.ActiveCfg = Debug|Any CPU
		{ADBFAC15-7D6E-97B6-AB46-3DEC52336634}.Debug|Any CPU.Build.0 = Debug|Any CPU
		{ADBFAC15-7D6E-97B6-AB46-3DEC52336634}.Release|Any CPU.ActiveCfg = Release|Any CPU
		{ADBFAC15-7D6E-97B6-AB46-3DEC52336634}.Release|Any CPU.Build.0 = Release|Any CPU
		{8758FBDB-9295-0DA5-31B6-DA01667F06FB}.Debug|Any CPU.ActiveCfg = Debug|Any CPU
		{8758FBDB-9295-0DA5-31B6-DA01667F06FB}.Debug|Any CPU.Build.0 = Debug|Any CPU
		{8758FBDB-9295-0DA5-31B6-DA01667F06FB}.Release|Any CPU.ActiveCfg = Release|Any CPU
		{8758FBDB-9295-0DA5-31B6-DA01667F06FB}.Release|Any CPU.Build.0 = Release|Any CPU
		{5BDEBCA4-58CC-421F-A630-CB63A60CFE0E}.Debug|Any CPU.ActiveCfg = Debug|Any CPU
		{5BDEBCA4-58CC-421F-A630-CB63A60CFE0E}.Debug|Any CPU.Build.0 = Debug|Any CPU
		{5BDEBCA4-58CC-421F-A630-CB63A60CFE0E}.Release|Any CPU.ActiveCfg = Release|Any CPU
		{5BDEBCA4-58CC-421F-A630-CB63A60CFE0E}.Release|Any CPU.Build.0 = Release|Any CPU
		{0AEB4386-29D2-486E-BBF6-019F29781502}.Debug|Any CPU.ActiveCfg = Debug|Any CPU
		{0AEB4386-29D2-486E-BBF6-019F29781502}.Debug|Any CPU.Build.0 = Debug|Any CPU
		{0AEB4386-29D2-486E-BBF6-019F29781502}.Release|Any CPU.ActiveCfg = Release|Any CPU
		{0AEB4386-29D2-486E-BBF6-019F29781502}.Release|Any CPU.Build.0 = Release|Any CPU
		{09D01F2D-A9C1-7ADF-ACF0-6CE8655624B3}.Debug|Any CPU.ActiveCfg = Debug|Any CPU
		{09D01F2D-A9C1-7ADF-ACF0-6CE8655624B3}.Debug|Any CPU.Build.0 = Debug|Any CPU
		{09D01F2D-A9C1-7ADF-ACF0-6CE8655624B3}.Release|Any CPU.ActiveCfg = Release|Any CPU
		{09D01F2D-A9C1-7ADF-ACF0-6CE8655624B3}.Release|Any CPU.Build.0 = Release|Any CPU
		{B8441293-5D7D-B752-6216-4C5005BF772D}.Debug|Any CPU.ActiveCfg = Debug|Any CPU
		{B8441293-5D7D-B752-6216-4C5005BF772D}.Debug|Any CPU.Build.0 = Debug|Any CPU
		{B8441293-5D7D-B752-6216-4C5005BF772D}.Release|Any CPU.ActiveCfg = Release|Any CPU
		{B8441293-5D7D-B752-6216-4C5005BF772D}.Release|Any CPU.Build.0 = Release|Any CPU
		{D7F347E4-C87C-CC1A-89F8-6D28A7CCB4B3}.Debug|Any CPU.ActiveCfg = Debug|Any CPU
		{D7F347E4-C87C-CC1A-89F8-6D28A7CCB4B3}.Debug|Any CPU.Build.0 = Debug|Any CPU
		{D7F347E4-C87C-CC1A-89F8-6D28A7CCB4B3}.Release|Any CPU.ActiveCfg = Release|Any CPU
		{D7F347E4-C87C-CC1A-89F8-6D28A7CCB4B3}.Release|Any CPU.Build.0 = Release|Any CPU
	EndGlobalSection
	GlobalSection(SolutionProperties) = preSolution
		HideSolutionNode = FALSE
	EndGlobalSection
	GlobalSection(NestedProjects) = preSolution
		{8B4372D3-D9F1-4D4A-9208-2A9A9ECB7F39} = {DDB4EF12-CC4E-5E88-E6FC-71A802F4DE97}
		{D0F00D84-AD20-C5D6-67FE-85D6CB59A7CE} = {DDB4EF12-CC4E-5E88-E6FC-71A802F4DE97}
		{EB11C1AF-3BBE-9D8B-B13B-CEF382F22312} = {DDB4EF12-CC4E-5E88-E6FC-71A802F4DE97}
		{7106B6B0-37B6-4875-AD08-2A849997A504} = {C7BDAB74-C19D-43D4-BC79-A7CACACCC1BF}
		{18A002CE-300E-4A7E-9599-578742E17199} = {7106B6B0-37B6-4875-AD08-2A849997A504}
		{43E2F810-FF37-4988-BBC5-CEED286062F8} = {E3E53CB0-9478-48BC-ABD4-8EB4AE54F84C}
		{21506200-C554-469F-AF5A-7246A13665AD} = {43E2F810-FF37-4988-BBC5-CEED286062F8}
		{8D607D5F-7D63-4BD4-A450-3CEF9AEA6D8D} = {C7BDAB74-C19D-43D4-BC79-A7CACACCC1BF}
		{B6AD3305-DE5C-4CCF-982A-9A4F17E2C292} = {8D607D5F-7D63-4BD4-A450-3CEF9AEA6D8D}
		{610EC512-C56B-4DBF-9DF2-38C72C97D4B9} = {C7BDAB74-C19D-43D4-BC79-A7CACACCC1BF}
		{62344848-F78D-4FB2-B042-7BC0AF17DE1D} = {610EC512-C56B-4DBF-9DF2-38C72C97D4B9}
		{781600D8-3FE6-45A1-9954-DE51110D55A4} = {610EC512-C56B-4DBF-9DF2-38C72C97D4B9}
		{544FA915-6022-4CA5-BD7B-B742903595FD} = {BF39D7A9-C740-4878-8801-AC254D4B67E3}
		{C496E02B-0184-4901-9459-18DB84F73078} = {544FA915-6022-4CA5-BD7B-B742903595FD}
		{A05514BD-7FB5-4B26-A2F7-7FAF7070475F} = {544FA915-6022-4CA5-BD7B-B742903595FD}
		{B14466DE-B709-42E1-BFBA-F109E17327C0} = {BF39D7A9-C740-4878-8801-AC254D4B67E3}
		{82276F46-6B0D-444A-B51E-790D84A04558} = {B14466DE-B709-42E1-BFBA-F109E17327C0}
		{5DB7176C-AD3B-4CB2-8476-67D7E3E0E996} = {B14466DE-B709-42E1-BFBA-F109E17327C0}
		{80622871-3A67-43D5-905F-10C7EBD12BE1} = {E3E53CB0-9478-48BC-ABD4-8EB4AE54F84C}
		{9D24836D-EC28-4130-98B0-D963D85F11D6} = {80622871-3A67-43D5-905F-10C7EBD12BE1}
		{35911F0D-A5AC-41DA-90AC-C261A9BFE447} = {E3E53CB0-9478-48BC-ABD4-8EB4AE54F84C}
		{291CE8D0-2C01-4F1C-8C26-649B0FA7CD04} = {35911F0D-A5AC-41DA-90AC-C261A9BFE447}
		{A6397A64-9AEA-C976-C282-F05046F2AA1C} = {35911F0D-A5AC-41DA-90AC-C261A9BFE447}
		{91189E93-62E9-43DE-BE58-1C42F0FE5244} = {86207189-C72C-4608-AF8F-1320ECF747D1}
		{5A6ADA11-28F5-4A50-8F25-F4F8839E904F} = {91189E93-62E9-43DE-BE58-1C42F0FE5244}
		{2E5B7F43-81B8-4DBD-8AE2-0AF81EFBAA17} = {86207189-C72C-4608-AF8F-1320ECF747D1}
		{B295EDB6-BA6E-41D5-A375-4BBC42500EF0} = {2E5B7F43-81B8-4DBD-8AE2-0AF81EFBAA17}
		{687EDD3B-59A7-48B7-9F1C-F56219E0B42E} = {86207189-C72C-4608-AF8F-1320ECF747D1}
		{6748D302-944A-4D81-A551-19143FD6A692} = {687EDD3B-59A7-48B7-9F1C-F56219E0B42E}
		{A3ACA33D-6226-7668-2993-2FC9EA8C783B} = {687EDD3B-59A7-48B7-9F1C-F56219E0B42E}
		{CA392023-423B-4078-BBB7-6226947A89FB} = {687EDD3B-59A7-48B7-9F1C-F56219E0B42E}
		{8F57EBE1-F7EB-4E58-B5B2-92FA4F0A1307} = {C2C0F1CC-13AD-4C85-8C5E-EEFED19EFF1D}
		{26A9B266-71E6-461C-ABBD-C0F920CD699E} = {8F57EBE1-F7EB-4E58-B5B2-92FA4F0A1307}
		{D7974037-F66C-46C6-BEF2-6F67537994B4} = {C2C0F1CC-13AD-4C85-8C5E-EEFED19EFF1D}
		{02D01F1C-736A-41AD-BA75-6AB46216187B} = {D7974037-F66C-46C6-BEF2-6F67537994B4}
		{4AFE3788-C2AA-4B53-8D40-446051B5BD48} = {D7974037-F66C-46C6-BEF2-6F67537994B4}
		{766DC129-B7E6-6BE5-67FF-02794A6C9D6A} = {D7974037-F66C-46C6-BEF2-6F67537994B4}
		{BD17336D-C733-4C1B-9050-B80245C9CB97} = {C2C0F1CC-13AD-4C85-8C5E-EEFED19EFF1D}
		{ADBFAC15-7D6E-97B6-AB46-3DEC52336634} = {BD17336D-C733-4C1B-9050-B80245C9CB97}
		{8758FBDB-9295-0DA5-31B6-DA01667F06FB} = {D7974037-F66C-46C6-BEF2-6F67537994B4}
		{B13ED9E2-2A6A-4BBE-9ABC-63625DB478E4} = {D452545E-8284-4B42-80C3-2BF7B3B18D49}
		{5BDEBCA4-58CC-421F-A630-CB63A60CFE0E} = {D452545E-8284-4B42-80C3-2BF7B3B18D49}
		{0AEB4386-29D2-486E-BBF6-019F29781502} = {B13ED9E2-2A6A-4BBE-9ABC-63625DB478E4}
		{09D01F2D-A9C1-7ADF-ACF0-6CE8655624B3} = {B13ED9E2-2A6A-4BBE-9ABC-63625DB478E4}
		{B8441293-5D7D-B752-6216-4C5005BF772D} = {16D6A093-1338-481C-A549-DE4F424C439F}
		{D7F347E4-C87C-CC1A-89F8-6D28A7CCB4B3} = {16D6A093-1338-481C-A549-DE4F424C439F}
	EndGlobalSection
	GlobalSection(ExtensibilityGlobals) = postSolution
		SolutionGuid = {5B45C55F-7765-4AE7-BAAC-DE871C726F88}
	EndGlobalSection
EndGlobal
